<?xml version="1.0" encoding="utf-8"?>
<Project ToolsVersion="4.0" xmlns="http://schemas.microsoft.com/developer/msbuild/2003">
  <ItemGroup>
    <Filter Include="Source Files">
      <UniqueIdentifier>{4FC737F1-C7A5-4376-A066-2A32D752A2FF}</UniqueIdentifier>
      <Extensions>cpp;c;cc;cxx;c++;cppm;ixx;def;odl;idl;hpj;bat;asm;asmx</Extensions>
    </Filter>
    <Filter Include="Header Files">
      <UniqueIdentifier>{93995380-89BD-4b04-88EB-625FBE52EBFB}</UniqueIdentifier>
      <Extensions>h;hh;hpp;hxx;h++;hm;inl;inc;ipp;xsd</Extensions>
    </Filter>
    <Filter Include="Resource Files">
      <UniqueIdentifier>{67DA6AB6-F800-4c08-8B7A-83BB121AAD01}</UniqueIdentifier>
      <Extensions>rc;ico;cur;bmp;dlg;rc2;rct;bin;rgs;gif;jpg;jpeg;jpe;resx;tiff;tif;png;wav;mfcribbon-ms</Extensions>
    </Filter>
  </ItemGroup>
  <ItemGroup>
    <ClCompile Include="Src\main.cpp">
      <Filter>Source Files</Filter>
    </ClCompile>
    <ClCompile Include="Src\Screens\GraphScene\Graph.cpp">
      <Filter>Source Files</Filter>
    </ClCompile>
    <ClCompile Include="Src\Map\GraphLoader.cpp">
      <Filter>Source Files</Filter>
    </ClCompile>
    <ClCompile Include="Src\AssetManager\AssetManager.cpp">
      <Filter>Source Files</Filter>
    </ClCompile>
    <ClCompile Include="Src\Screens\MainMenuScreen\MainMenuScreen.cpp">
      <Filter>Source Files</Filter>
    </ClCompile>
    <ClCompile Include="Src\App\App.cpp">
      <Filter>Source Files</Filter>
    </ClCompile>
    <ClCompile Include="Src\EditorIMGUI\Components\GraphRightPanel\CustomFunctions\CustomFunctions.cpp">
      <Filter>Source Files</Filter>
    </ClCompile>
    <ClCompile Include="Src\Map\Parsers\PythonMapParser.cpp">
      <Filter>Source Files</Filter>
    </ClCompile>
    <ClCompile Include="Src\Map\Parsers\TextMapParser.cpp">
      <Filter>Source Files</Filter>
    </ClCompile>
    <ClCompile Include="Src\Map\Parsers\GraphMLMapParser.cpp">
      <Filter>Source Files</Filter>
    </ClCompile>
    <ClCompile Include="Src\Map\Parsers\DOTMapParser.cpp">
      <Filter>Source Files</Filter>
    </ClCompile>
    <ClCompile Include="Src\EditorIMGUI\Components\GraphMiddlePanel\ViewportPanel\Minimap\Minimap.cpp">
      <Filter>Source Files</Filter>
    </ClCompile>
    <ClCompile Include="Src\EditorIMGUI\Components\GraphMiddlePanel\ViewportPanel\OrientationBox\OrientationBox.cpp">
      <Filter>Source Files</Filter>
    </ClCompile>
    <ClCompile Include="Src\Map\PathParsers\TextPathParser.cpp">
      <Filter>Source Files</Filter>
    </ClCompile>
    <ClCompile Include="Src\Screens\GraphScene\GraphUpdate.cpp">
      <Filter>Source Files</Filter>
    </ClCompile>
    <ClCompile Include="Src\Screens\GraphScene\GraphDraw.cpp">
      <Filter>Source Files</Filter>
    </ClCompile>
    <ClCompile Include="Src\Screens\GraphScene\GraphUI.cpp">
      <Filter>Source Files</Filter>
    </ClCompile>
    <ClCompile Include="Src\Screens\GraphScene\GraphInput.cpp">
      <Filter>Source Files</Filter>
    </ClCompile>
    <ClCompile Include="Src\EditorIMGUI\Components\GraphLeftPanel\GraphLeftPanel.cpp">
      <Filter>Source Files</Filter>
    </ClCompile>
    <ClCompile Include="Src\EditorIMGUI\Components\GraphRightPanel\GraphRightPanel.cpp">
      <Filter>Source Files</Filter>
    </ClCompile>
    <ClCompile Include="Src\EditorIMGUI\Components\GraphMiddlePanel\ViewportPanel\ViewportPanel.cpp">
      <Filter>Source Files</Filter>
    </ClCompile>
    <ClCompile Include="Src\EditorIMGUI\Components\GraphMiddlePanel\GraphTopBar\GraphTopBar.cpp">
      <Filter>Source Files</Filter>
    </ClCompile>
    <ClCompile Include="Src\EditorIMGUI\Components\MenuDropdown\MenuDropdown.cpp">
      <Filter>Source Files</Filter>
    </ClCompile>
    <ClCompile Include="Src\EditorIMGUI\Components\MenuSceneControllers\LoadingUI\LoadingUI.cpp">
      <Filter>Source Files</Filter>
    </ClCompile>
    <ClCompile Include="Src\EditorIMGUI\Components\MenuSceneControllers\NewMapUI\NewMapUI.cpp">
      <Filter>Source Files</Filter>
    </ClCompile>
    <ClCompile Include="Src\EditorIMGUI\Components\MenuSceneControllers\SavingUI\SavingUI.cpp">
      <Filter>Source Files</Filter>
    </ClCompile>
    <ClCompile Include="Src\EditorIMGUI\Components\GraphMiddlePanel\ViewportPanel\SceneControl\SceneControl.cpp">
      <Filter>Source Files</Filter>
    </ClCompile>
    <ClCompile Include="Src\EditorIMGUI\Components\EntityGroupsControl\EntityGroupsControl.cpp">
      <Filter>Source Files</Filter>
    </ClCompile>
    <ClCompile Include="Src\EditorIMGUI\Components\GraphMiddlePanel\ViewportPanel\HoverEntityPanel\HoverEntityPanel.cpp">
      <Filter>Source Files</Filter>
    </ClCompile>
    <ClCompile Include="Src\EditorIMGUI\Components\PythonInterpreterPanel\PythonInterpreterPanel.cpp">
      <Filter>Source Files</Filter>
    </ClCompile>
    <ClCompile Include="Src\EditorIMGUI\Components\WarningPanel\WarningPanel.cpp">
      <Filter>Source Files</Filter>
    </ClCompile>
    <ClCompile Include="Src\EditorIMGUI\Components\templates\ImGuiPanel\ImGuiPanel.cpp">
      <Filter>Source Files</Filter>
    </ClCompile>
    <ClCompile Include="Src\EditorIMGUI\Components\MenuDropdown\CameraPanel\CameraPanel.cpp">
      <Filter>Source Files</Filter>
    </ClCompile>
    <ClCompile Include="Src\EditorIMGUI\Components\GraphMiddlePanel\GraphMiddlePanel.cpp">
      <Filter>Source Files</Filter>
    </ClCompile>
    <ClCompile Include="Src\EditorIMGUI\Components\MenuDropdown\VisibleEntities\VisibleEntities.cpp">
      <Filter>Source Files</Filter>
    </ClCompile>
    <ClCompile Include="Src\EditorIMGUI\GraphEditorLayer\GraphEditorLayer.cpp">
      <Filter>Source Files</Filter>
    </ClCompile>
    <ClCompile Include="Src\EditorIMGUI\MainMenuEditorLayer\MainMenuEditorLayer.cpp">
      <Filter>Source Files</Filter>
    </ClCompile>
    <ClCompile Include="Src\EditorIMGUI\Components\GraphMiddlePanel\ViewportPanel\HighlightBox\HighlightBox.cpp">
      <Filter>Source Files</Filter>
    </ClCompile>
    <ClCompile Include="Src\Map\Parsers\SimDumpMapParser.cpp">
      <Filter>Source Files</Filter>
    </ClCompile>
    <ClCompile Include="Src\Map\PathParsers\SimDumpPathParser.cpp">
      <Filter>Source Files</Filter>
    </ClCompile>
    <ClCompile Include="Src\EditorIMGUI\Components\MenuDropdown\ScenePanel\ScenePanel.cpp">
      <Filter>Source Files</Filter>
    </ClCompile>
    <ClCompile Include="Src\EditorIMGUI\Components\MenuDropdown\HelpPanel\HelpPanel.cpp">
      <Filter>Source Files</Filter>
    </ClCompile>
    <ClCompile Include="Src\EditorIMGUI\Components\GraphRightPanel\EntityComponentsControl\EntityComponentsControl.cpp">
      <Filter>Source Files</Filter>
    </ClCompile>
    <ClCompile Include="Src\AssetManager\PythonEngineCommands.cpp">
      <Filter>Source Files</Filter>
    </ClCompile>
    <ClCompile Include="Src\EditorIMGUI\UIElement.cpp">
      <Filter>Source Files</Filter>
    </ClCompile>
  </ItemGroup>
  <ItemGroup>
    <ClInclude Include="Src\Screens\GraphScene\Graph.h">
      <Filter>Header Files</Filter>
    </ClInclude>
    <ClInclude Include="Src\Map\GraphLoader.h">
      <Filter>Header Files</Filter>
    </ClInclude>
    <ClInclude Include="Src\AssetManager\AssetManager.h">
      <Filter>Header Files</Filter>
    </ClInclude>
    <ClInclude Include="Src\Screens\MainMenuScreen\MainMenuScreen.h">
      <Filter>Header Files</Filter>
    </ClInclude>
    <ClInclude Include="Src\App\App.h">
      <Filter>Header Files</Filter>
    </ClInclude>
    <ClInclude Include="Src\EditorIMGUI\Components\GraphRightPanel\CustomFunctions\CustomFunctions.h">
      <Filter>Header Files</Filter>
    </ClInclude>
    <ClInclude Include="Src\Map\IGraphParser.h">
      <Filter>Header Files</Filter>
    </ClInclude>
    <ClInclude Include="Src\Map\Parsers\TextMapParser.h">
      <Filter>Header Files</Filter>
    </ClInclude>
    <ClInclude Include="Src\Map\Parsers\PythonMapParser.h">
      <Filter>Header Files</Filter>
    </ClInclude>
    <ClInclude Include="Src\Map\Parsers\GraphMLMapParser.h">
      <Filter>Header Files</Filter>
    </ClInclude>
    <ClInclude Include="Src\Map\Parsers\DOTMapParser.h">
      <Filter>Header Files</Filter>
    </ClInclude>
    <ClInclude Include="Src\EditorIMGUI\Components\GraphMiddlePanel\ViewportPanel\Minimap\Minimap.h">
      <Filter>Header Files</Filter>
    </ClInclude>
    <ClInclude Include="Src\EditorIMGUI\Components\GraphMiddlePanel\ViewportPanel\OrientationBox\OrientationBox.h">
      <Filter>Header Files</Filter>
    </ClInclude>
    <ClInclude Include="Src\Map\PathParsers\TextPathParser.h">
      <Filter>Header Files</Filter>
    </ClInclude>
    <ClInclude Include="Src\EditorIMGUI\Components\GraphLeftPanel\GraphLeftPanel.h">
      <Filter>Header Files</Filter>
    </ClInclude>
    <ClInclude Include="Src\EditorIMGUI\Components\GraphRightPanel\GraphRightPanel.h">
      <Filter>Header Files</Filter>
    </ClInclude>
    <ClInclude Include="Src\EditorIMGUI\Components\GraphMiddlePanel\ViewportPanel\ViewportPanel.h">
      <Filter>Header Files</Filter>
    </ClInclude>
    <ClInclude Include="Src\EditorIMGUI\Components\GraphMiddlePanel\GraphTopBar\GraphTopBar.h">
      <Filter>Header Files</Filter>
    </ClInclude>
    <ClInclude Include="Src\EditorIMGUI\Components\MenuDropdown\CameraPanel\SliderRotateZ.h">
      <Filter>Header Files</Filter>
    </ClInclude>
    <ClInclude Include="Src\EditorIMGUI\UIElement.h">
      <Filter>Header Files</Filter>
    </ClInclude>
    <ClInclude Include="Src\EditorIMGUI\Components\MenuDropdown\FPSCounter.h">
      <Filter>Header Files</Filter>
    </ClInclude>
    <ClInclude Include="Src\EditorIMGUI\Components\MenuDropdown\MenuDropdown.h">
      <Filter>Header Files</Filter>
    </ClInclude>
    <ClInclude Include="Src\EditorIMGUI\Components\MenuSceneControllers\LoadingUI\LoadingUI.h">
      <Filter>Header Files</Filter>
    </ClInclude>
    <ClInclude Include="Src\EditorIMGUI\Components\MenuSceneControllers\NewMapUI\NewMapUI.h">
      <Filter>Header Files</Filter>
    </ClInclude>
    <ClInclude Include="Src\EditorIMGUI\Components\MenuSceneControllers\SavingUI\SavingUI.h">
      <Filter>Header Files</Filter>
    </ClInclude>
    <ClInclude Include="Src\EditorIMGUI\Components\GraphMiddlePanel\ViewportPanel\SceneControl\SceneControl.h">
      <Filter>Header Files</Filter>
    </ClInclude>
    <ClInclude Include="Src\EditorIMGUI\Components\EntityGroupsControl\EntityGroupsControl.h">
      <Filter>Header Files</Filter>
    </ClInclude>
    <ClInclude Include="Src\EditorIMGUI\Components\GraphMiddlePanel\ViewportPanel\HoverEntityPanel\HoverEntityPanel.h">
      <Filter>Header Files</Filter>
    </ClInclude>
    <ClInclude Include="Src\EditorIMGUI\Components\PythonInterpreterPanel\PythonInterpreterPanel.h">
      <Filter>Header Files</Filter>
    </ClInclude>
    <ClInclude Include="Src\EditorIMGUI\Components\WarningPanel\WarningPanel.h">
      <Filter>Header Files</Filter>
    </ClInclude>
    <ClInclude Include="Src\EditorIMGUI\Components\templates\ImGuiPanel\ImGuiPanel.h">
      <Filter>Header Files</Filter>
    </ClInclude>
    <ClInclude Include="Src\EditorIMGUI\Components\MenuDropdown\CameraPanel\CameraPanel.h">
      <Filter>Header Files</Filter>
    </ClInclude>
    <ClInclude Include="Src\EditorIMGUI\Components\GraphMiddlePanel\GraphMiddlePanel.h">
      <Filter>Header Files</Filter>
    </ClInclude>
    <ClInclude Include="Src\EditorIMGUI\Components\MenuDropdown\VisibleEntities\VisibleEntities.h">
      <Filter>Header Files</Filter>
    </ClInclude>
    <ClInclude Include="Src\EditorIMGUI\GraphEditorLayer\GraphEditorLayer.h">
      <Filter>Header Files</Filter>
    </ClInclude>
    <ClInclude Include="Src\EditorIMGUI\MainMenuEditorLayer\MainMenuEditorLayer.h">
      <Filter>Header Files</Filter>
    </ClInclude>
    <ClInclude Include="Src\EditorIMGUI\Components\GraphMiddlePanel\ViewportPanel\HighlightBox\HighlightBox.h">
      <Filter>Header Files</Filter>
    </ClInclude>
    <ClInclude Include="Src\Map\Parsers\SimDumpMapParser.h">
      <Filter>Header Files</Filter>
    </ClInclude>
    <ClInclude Include="Src\Map\PathParsers\SimDumpPathParser.h">
      <Filter>Header Files</Filter>
    </ClInclude>
    <ClInclude Include="Src\EditorIMGUI\Components\MenuDropdown\ScenePanel\ScenePanel.h">
      <Filter>Header Files</Filter>
    </ClInclude>
    <ClInclude Include="Src\EditorIMGUI\Components\MenuDropdown\HelpPanel\HelpPanel.h">
      <Filter>Header Files</Filter>
    </ClInclude>
    <ClInclude Include="Src\EditorIMGUI\Components\GraphRightPanel\EntityComponentsControl\EntityComponentsControl.h">
      <Filter>Header Files</Filter>
    </ClInclude>
    <ClInclude Include="Src\AssetManager\PythonEngineCommands.h">
      <Filter>Header Files</Filter>
    </ClInclude>
  </ItemGroup>
  <ItemGroup>
    <Image Include="assets\Sprites\block_networkMiserable.png">
      <Filter>Resource Files</Filter>
    </Image>
  </ItemGroup>
  <ItemGroup>
    <None Include="Src\Shaders\colorShading.frag" />
    <None Include="Src\Shaders\colorShading.vert" />
    <None Include="Src\Shaders\textureBright.frag" />
    <None Include="Src\Shaders\textureBright.vert" />
    <None Include="Src\Shaders\textureShading.frag" />
    <None Include="Src\Shaders\textureShading.vert" />
    <None Include="Src\Shaders\lineColorShading.frag" />
    <None Include="Src\Shaders\lineColorShading.vert" />
    <None Include="Src\Shaders\framebuffer.frag" />
    <None Include="Src\Shaders\framebuffer.vert" />
    <None Include="Src\Shaders\colorLighting.vert" />
    <None Include="Src\Shaders\colorLighting.frag" />
    <None Include="Src\Shaders\lineColorShading.gs" />
  </ItemGroup>
</Project>