<?xml version="1.0" encoding="utf-8"?>
<Project ToolsVersion="4.0" xmlns="http://schemas.microsoft.com/developer/msbuild/2003">
  <ItemGroup>
    <Filter Include="Source Files">
      <UniqueIdentifier>{4FC737F1-C7A5-4376-A066-2A32D752A2FF}</UniqueIdentifier>
      <Extensions>cpp;c;cc;cxx;c++;cppm;ixx;def;odl;idl;hpj;bat;asm;asmx</Extensions>
    </Filter>
    <Filter Include="Header Files">
      <UniqueIdentifier>{93995380-89BD-4b04-88EB-625FBE52EBFB}</UniqueIdentifier>
      <Extensions>h;hh;hpp;hxx;h++;hm;inl;inc;ipp;xsd</Extensions>
    </Filter>
    <Filter Include="Resource Files">
      <UniqueIdentifier>{67DA6AB6-F800-4c08-8B7A-83BB121AAD01}</UniqueIdentifier>
      <Extensions>rc;ico;cur;bmp;dlg;rc2;rct;bin;rgs;gif;jpg;jpeg;jpe;resx;tiff;tif;png;wav;mfcribbon-ms</Extensions>
    </Filter>
  </ItemGroup>
  <ItemGroup>
    <ClCompile Include="Src\main.cpp">
      <Filter>Source Files</Filter>
    </ClCompile>
    <ClCompile Include="Src\Graph.cpp">
      <Filter>Source Files</Filter>
    </ClCompile>
    <ClCompile Include="Src\Map\Map.cpp">
      <Filter>Source Files</Filter>
    </ClCompile>
    <ClCompile Include="Src\Collision\Collision.cpp">
      <Filter>Source Files</Filter>
    </ClCompile>
    <ClCompile Include="Src\AssetManager\AssetManager.cpp">
      <Filter>Source Files</Filter>
    </ClCompile>
    <ClCompile Include="Src\MainMenuScreen\MainMenuScreen.cpp">
      <Filter>Source Files</Filter>
    </ClCompile>
    <ClCompile Include="Src\App\App.cpp">
      <Filter>Source Files</Filter>
    </ClCompile>
    <ClCompile Include="Src\EditorIMGUI\EditorIMGUI.cpp">
      <Filter>Source Files</Filter>
    </ClCompile>
    <ClCompile Include="Src\EditorIMGUI\CustomFunctions\CustomFunctions.cpp">
      <Filter>Source Files</Filter>
    </ClCompile>
  </ItemGroup>
  <ItemGroup>
    <ClInclude Include="Src\Graph.h">
      <Filter>Header Files</Filter>
    </ClInclude>
    <ClInclude Include="Src\Map\Map.h">
      <Filter>Header Files</Filter>
    </ClInclude>
    <ClInclude Include="Src\Collision\Collision.h">
      <Filter>Header Files</Filter>
    </ClInclude>
    <ClInclude Include="Src\AssetManager\AssetManager.h">
      <Filter>Header Files</Filter>
    </ClInclude>
    <ClInclude Include="Src\MainMenuScreen\MainMenuScreen.h">
      <Filter>Header Files</Filter>
    </ClInclude>
    <ClInclude Include="Src\GECS\ScriptComponents.h">
      <Filter>Header Files</Filter>
    </ClInclude>
    <ClInclude Include="Src\GECS\Scripts\MainMenuBackground.h">
      <Filter>Header Files</Filter>
    </ClInclude>
    <ClInclude Include="Src\App\App.h">
      <Filter>Header Files</Filter>
    </ClInclude>
    <ClInclude Include="Src\EditorIMGUI\EditorIMGUI.h">
      <Filter>Header Files</Filter>
    </ClInclude>
    <ClInclude Include="Src\EditorIMGUI\CustomFunctions\CustomFunctions.h">
      <Filter>Header Files</Filter>
    </ClInclude>
  </ItemGroup>
  <ItemGroup>
    <Image Include="assets\Sprites\block_networkMiserable.png">
      <Filter>Resource Files</Filter>
    </Image>
  </ItemGroup>
  <ItemGroup>
    <None Include="Src\Shaders\circleColorShading.frag" />
    <None Include="Src\Shaders\circleColorShading.vert" />
    <None Include="Src\Shaders\colorShading.frag" />
    <None Include="Src\Shaders\colorShading.vert" />
    <None Include="Src\Shaders\textureBright.frag" />
    <None Include="Src\Shaders\textureBright.vert" />
    <None Include="Src\Shaders\textureShading.frag" />
    <None Include="Src\Shaders\textureShading.vert" />
    <None Include="Src\Shaders\lineColorShading.frag" />
    <None Include="Src\Shaders\lineColorShading.vert" />
    <None Include="Src\Shaders\framebuffer.frag" />
    <None Include="Src\Shaders\framebuffer.vert" />
  </ItemGroup>
</Project>