<?xml version="1.0" encoding="utf-8"?>
<Project ToolsVersion="4.0" xmlns="http://schemas.microsoft.com/developer/msbuild/2003">
  <ItemGroup>
    <Filter Include="Source Files">
      <UniqueIdentifier>{4FC737F1-C7A5-4376-A066-2A32D752A2FF}</UniqueIdentifier>
      <Extensions>cpp;c;cc;cxx;c++;cppm;ixx;def;odl;idl;hpj;bat;asm;asmx</Extensions>
    </Filter>
    <Filter Include="Header Files">
      <UniqueIdentifier>{93995380-89BD-4b04-88EB-625FBE52EBFB}</UniqueIdentifier>
      <Extensions>h;hh;hpp;hxx;h++;hm;inl;inc;ipp;xsd</Extensions>
    </Filter>
    <Filter Include="Resource Files">
      <UniqueIdentifier>{67DA6AB6-F800-4c08-8B7A-83BB121AAD01}</UniqueIdentifier>
      <Extensions>rc;ico;cur;bmp;dlg;rc2;rct;bin;rgs;gif;jpg;jpeg;jpe;resx;tiff;tif;png;wav;mfcribbon-ms</Extensions>
    </Filter>
  </ItemGroup>
  <ItemGroup>
    <ClCompile Include="src\AudioEngine\AudioEngine.cpp">
      <Filter>Source Files</Filter>
    </ClCompile>
    <ClCompile Include="src\Window\Window.cpp">
      <Filter>Source Files</Filter>
    </ClCompile>
    <ClCompile Include="src\InputManager\InputManager.cpp">
      <Filter>Source Files</Filter>
    </ClCompile>
    <ClCompile Include="src\AppScene\IScene.cpp">
      <Filter>Source Files</Filter>
    </ClCompile>
    <ClCompile Include="src\AppScene\AppInterface.cpp">
      <Filter>Source Files</Filter>
    </ClCompile>
    <ClCompile Include="src\AppScene\SceneList.cpp">
      <Filter>Source Files</Filter>
    </ClCompile>
    <ClCompile Include="src\BaseFPSLimiter\BaseFPSLimiter.cpp">
      <Filter>Source Files</Filter>
    </ClCompile>
    <ClCompile Include="src\GECS\Core\GECS.cpp">
      <Filter>Source Files</Filter>
    </ClCompile>
    <ClCompile Include="src\Grid\Grid.cpp">
      <Filter>Source Files</Filter>
    </ClCompile>
    <ClCompile Include="src\ImGuiInterface\ImGuiInterface.cpp">
      <Filter>Source Files</Filter>
    </ClCompile>
    <ClCompile Include="src\GECS\Core\GECSManager.cpp">
      <Filter>Source Files</Filter>
    </ClCompile>
    <ClCompile Include="..\vendors\imgui\imgui.cpp">
      <Filter>Source Files</Filter>
    </ClCompile>
    <ClCompile Include="..\vendors\imgui\imgui_demo.cpp">
      <Filter>Source Files</Filter>
    </ClCompile>
    <ClCompile Include="..\vendors\imgui\imgui_draw.cpp">
      <Filter>Source Files</Filter>
    </ClCompile>
    <ClCompile Include="..\vendors\imgui\backends\imgui_impl_opengl3.cpp">
      <Filter>Source Files</Filter>
    </ClCompile>
    <ClCompile Include="..\vendors\imgui\backends\imgui_impl_sdl2.cpp">
      <Filter>Source Files</Filter>
    </ClCompile>
    <ClCompile Include="..\vendors\imgui\imgui_tables.cpp">
      <Filter>Source Files</Filter>
    </ClCompile>
    <ClCompile Include="..\vendors\imgui\imgui_widgets.cpp">
      <Filter>Source Files</Filter>
    </ClCompile>
    <ClCompile Include="..\vendors\implot\implot.cpp">
      <Filter>Source Files</Filter>
    </ClCompile>
    <ClCompile Include="..\vendors\implot\implot_items.cpp">
      <Filter>Source Files</Filter>
    </ClCompile>
    <ClCompile Include="..\vendors\imguiComboAutoselect\imgui_combo_autoselect.cpp">
      <Filter>Source Files</Filter>
    </ClCompile>
    <ClCompile Include="..\vendors\ImGuizmo\ImGuizmo.cpp">
      <Filter>Source Files</Filter>
    </ClCompile>
    <ClCompile Include="..\vendors\tinyxml2\tinyxml2.cpp">
      <Filter>Source Files</Filter>
    </ClCompile>
    <ClCompile Include="..\vendors\DotParser\DotParser\DotParser.cpp">
      <Filter>Source Files</Filter>
    </ClCompile>
    <ClCompile Include="..\vendors\simdump\example.cpp">
      <Filter>Source Files</Filter>
    </ClCompile>
    <ClCompile Include="..\vendors\simdump\src\datatypes.cpp">
      <Filter>Source Files</Filter>
    </ClCompile>
    <ClCompile Include="..\vendors\simdump\src\filereader.cpp">
      <Filter>Source Files</Filter>
    </ClCompile>
    <ClCompile Include="..\vendors\simdump\src\filewriter.cpp">
      <Filter>Source Files</Filter>
    </ClCompile>
    <ClCompile Include="DefineFactory.cpp">
      <Filter>Source Files</Filter>
    </ClCompile>
    <ClCompile Include="..\vendors\tracy\public\TracyClient.cpp">
      <Filter>Source Files</Filter>
    </ClCompile>
    <ClCompile Include="pch.cpp">
      <Filter>Source Files</Filter>
    </ClCompile>
  </ItemGroup>
  <ItemGroup>
    <ClInclude Include="src\AudioEngine\AudioEngine.h">
      <Filter>Header Files</Filter>
    </ClInclude>
    <ClInclude Include="src\Window\Window.h">
      <Filter>Header Files</Filter>
    </ClInclude>
    <ClInclude Include="src\InputManager\InputManager.h">
      <Filter>Header Files</Filter>
    </ClInclude>
    <ClInclude Include="src\AppScene\IScene.h">
      <Filter>Header Files</Filter>
    </ClInclude>
    <ClInclude Include="src\AppScene\AppInterface.h">
      <Filter>Header Files</Filter>
    </ClInclude>
    <ClInclude Include="src\AppScene\SceneList.h">
      <Filter>Header Files</Filter>
    </ClInclude>
    <ClInclude Include="src\BaseFPSLimiter\BaseFPSLimiter.h">
      <Filter>Header Files</Filter>
    </ClInclude>
    <ClInclude Include="src\GECS\Components\Empty\Util\ColliderComponent.h">
      <Filter>Header Files</Filter>
    </ClInclude>
    <ClInclude Include="src\GECS\Components\Empty\Basic\Rectangle_w_Color.h">
      <Filter>Header Files</Filter>
    </ClInclude>
    <ClInclude Include="src\GECS\Core\GECS.h">
      <Filter>Header Files</Filter>
    </ClInclude>
    <ClInclude Include="src\GECS\Components\Empty\Basic\TransformComponent.h">
      <Filter>Header Files</Filter>
    </ClInclude>
    <ClInclude Include="src\GECS\Components\Empty\Basic\SpriteComponent.h">
      <Filter>Header Files</Filter>
    </ClInclude>
    <ClInclude Include="src\GECS\Components\Empty\Util\RigidBodyComponent.h">
      <Filter>Header Files</Filter>
    </ClInclude>
    <ClInclude Include="src\GECS\Animators\FlashAnimatorComponent.h">
      <Filter>Header Files</Filter>
    </ClInclude>
    <ClInclude Include="src\GECS\Animators\FlashAnimation.h">
      <Filter>Header Files</Filter>
    </ClInclude>
    <ClInclude Include="src\GECS\Animators\AnimatorManager.h">
      <Filter>Header Files</Filter>
    </ClInclude>
    <ClInclude Include="src\GECS\Animators\AnimatorComponent.h">
      <Filter>Header Files</Filter>
    </ClInclude>
    <ClInclude Include="src\GECS\Animators\Animation.h">
      <Filter>Header Files</Filter>
    </ClInclude>
    <ClInclude Include="src\GECS\Components.h">
      <Filter>Header Files</Filter>
    </ClInclude>
    <ClInclude Include="src\Grid\Grid.h">
      <Filter>Header Files</Filter>
    </ClInclude>
    <ClInclude Include="src\GECS\Core\GECSManager.h">
      <Filter>Header Files</Filter>
    </ClInclude>
    <ClInclude Include="src\ImGuiInterface\ImGuiInterface.h">
      <Filter>Header Files</Filter>
    </ClInclude>
    <ClInclude Include="src\GECS\Animators\MovingAnimation.h">
      <Filter>Header Files</Filter>
    </ClInclude>
    <ClInclude Include="src\GECS\Animators\MovingAnimatorComponent.h">
      <Filter>Header Files</Filter>
    </ClInclude>
    <ClInclude Include="src\GECS\Core\GECSEntityTypes\GECSEntityTypes.h">
      <Filter>Header Files</Filter>
    </ClInclude>
    <ClInclude Include="src\DataManager\DataManager.h">
      <Filter>Header Files</Filter>
    </ClInclude>
    <ClInclude Include="src\AABB\AABB.h">
      <Filter>Header Files</Filter>
    </ClInclude>
    <ClInclude Include="src\GECS\Components\Link\Basic\Line_w_Color.h">
      <Filter>Header Files</Filter>
    </ClInclude>
    <ClInclude Include="src\GECS\Components\Empty\Basic\Triangle_w_Color.h">
      <Filter>Header Files</Filter>
    </ClInclude>
    <ClInclude Include="src\GECS\UtilComponents.h">
      <Filter>Header Files</Filter>
    </ClInclude>
    <ClInclude Include="src\GECS\Animators\LineAnimators\LineFlashAnimatorComponent.h">
      <Filter>Header Files</Filter>
    </ClInclude>
    <ClInclude Include="src\GECS\Components\Empty\Basic\BoxComponent.h">
      <Filter>Header Files</Filter>
    </ClInclude>
    <ClInclude Include="src\GECS\Core\CellEntity.h">
      <Filter>Header Files</Filter>
    </ClInclude>
    <ClInclude Include="src\GECS\Core\GECSEntity.h">
      <Filter>Header Files</Filter>
    </ClInclude>
    <ClInclude Include="src\Threader\Threader.h">
      <Filter>Header Files</Filter>
    </ClInclude>
    <ClInclude Include="src\GECS\Core\GECSUtil.h">
      <Filter>Header Files</Filter>
    </ClInclude>
    <ClInclude Include="src\GECS\Animators\RectangleAnimators\RectangleFlashAnimatorComponent.h">
      <Filter>Header Files</Filter>
    </ClInclude>
    <ClInclude Include="src\GECS\Components\Link\Util\SpringComponent.h">
      <Filter>Header Files</Filter>
    </ClInclude>
    <ClInclude Include="src\GECS\Components\Empty\Basic\SphereComponent.h">
      <Filter>Header Files</Filter>
    </ClInclude>
    <ClInclude Include="DorParser\DotParser.h">
      <Filter>Header Files</Filter>
    </ClInclude>
    <ClInclude Include="src\GECS\Components\Empty\Basic\PortComponent.h">
      <Filter>Header Files</Filter>
    </ClInclude>
    <ClInclude Include="src\GECS\Components\Empty\Basic\PortSlotComponent.h">
      <Filter>Header Files</Filter>
    </ClInclude>
    <ClInclude Include="src\GECS\Components\Empty\Util\PathLinkerComponent.h">
      <Filter>Header Files</Filter>
    </ClInclude>
    <ClInclude Include="PlatformDetection.h">
      <Filter>Header Files</Filter>
    </ClInclude>
    <ClInclude Include="Base.h">
      <Filter>Header Files</Filter>
    </ClInclude>
    <ClInclude Include="src\AABB\SelectionFrustum.h">
      <Filter>Header Files</Filter>
    </ClInclude>
    <ClInclude Include="ImGuiText.h">
      <Filter>Header Files</Filter>
    </ClInclude>
    <ClInclude Include="src\GECS\Components\PythonCodeComponent.h">
      <Filter>Header Files</Filter>
    </ClInclude>
    <ClInclude Include="src\GECS\Components\templateComponent.h">
      <Filter>Header Files</Filter>
    </ClInclude>
    <ClInclude Include="src\GECS\Components\Empty\Basic\EmptyPythonCodeComponent.h">
      <Filter>Header Files</Filter>
    </ClInclude>
    <ClInclude Include="src\GECS\Components\Link\Basic\LinkPythonCodeComponent.h">
      <Filter>Header Files</Filter>
    </ClInclude>
    <ClInclude Include="src\GECS\Core\SimulationStep.h">
      <Filter>Header Files</Filter>
    </ClInclude>
    <ClInclude Include="DefineFactory.h">
      <Filter>Header Files</Filter>
    </ClInclude>
    <ClInclude Include="src\Threader\RenderCommandQueue.h">
      <Filter>Header Files</Filter>
    </ClInclude>
    <ClInclude Include="src\GECS\Core\GECSEntityTypes\GECSEntityTypesLink.h">
      <Filter>Header Files</Filter>
    </ClInclude>
    <ClInclude Include="src\GECS\Core\GECSEntityTypes\GECSEntityTypesEmpty.h">
      <Filter>Header Files</Filter>
    </ClInclude>
    <ClInclude Include="src\GECS\Core\GECSEntityTypes\GECSEntityTypesNode.h">
      <Filter>Header Files</Filter>
    </ClInclude>
    <ClInclude Include="pch.h">
      <Filter>Header Files</Filter>
    </ClInclude>
    <ClInclude Include="TazGraphEngine.h">
      <Filter>Header Files</Filter>
    </ClInclude>
    <ClInclude Include="src\GECS\Components\Empty\Util\MainMenuBackground.h">
      <Filter>Header Files</Filter>
    </ClInclude>
  </ItemGroup>
</Project>