<?xml version="1.0" encoding="utf-8"?>
<Project ToolsVersion="4.0" xmlns="http://schemas.microsoft.com/developer/msbuild/2003">
  <ItemGroup>
    <Filter Include="Source Files">
      <UniqueIdentifier>{4FC737F1-C7A5-4376-A066-2A32D752A2FF}</UniqueIdentifier>
      <Extensions>cpp;c;cc;cxx;c++;cppm;ixx;def;odl;idl;hpj;bat;asm;asmx</Extensions>
    </Filter>
    <Filter Include="Header Files">
      <UniqueIdentifier>{93995380-89BD-4b04-88EB-625FBE52EBFB}</UniqueIdentifier>
      <Extensions>h;hh;hpp;hxx;h++;hm;inl;inc;ipp;xsd</Extensions>
    </Filter>
    <Filter Include="Resource Files">
      <UniqueIdentifier>{67DA6AB6-F800-4c08-8B7A-83BB121AAD01}</UniqueIdentifier>
      <Extensions>rc;ico;cur;bmp;dlg;rc2;rct;bin;rgs;gif;jpg;jpeg;jpe;resx;tiff;tif;png;wav;mfcribbon-ms</Extensions>
    </Filter>
  </ItemGroup>
  <ItemGroup>
    <ClCompile Include="AudioEngine\AudioEngine.cpp">
      <Filter>Source Files</Filter>
    </ClCompile>
    <ClCompile Include="TextureManager\TextureManager.cpp">
      <Filter>Source Files</Filter>
    </ClCompile>
    <ClCompile Include="Window\Window.cpp">
      <Filter>Source Files</Filter>
    </ClCompile>
    <ClCompile Include="InputManager\InputManager.cpp">
      <Filter>Source Files</Filter>
    </ClCompile>
    <ClCompile Include="GraphScreen\IScene.cpp">
      <Filter>Source Files</Filter>
    </ClCompile>
    <ClCompile Include="GraphScreen\AppInterface.cpp">
      <Filter>Source Files</Filter>
    </ClCompile>
    <ClCompile Include="GraphScreen\SceneList.cpp">
      <Filter>Source Files</Filter>
    </ClCompile>
    <ClCompile Include="GraphScreen\ScreenIndices.h">
      <Filter>Source Files</Filter>
    </ClCompile>
    <ClCompile Include="BaseFPSLimiter\BaseFPSLimiter.cpp">
      <Filter>Source Files</Filter>
    </ClCompile>
    <ClCompile Include="Renderers\PlaneRenderers\PlaneModelRenderer\PlaneModelRenderer.cpp">
      <Filter>Source Files</Filter>
    </ClCompile>
    <ClCompile Include="GECS\Core\GECS.cpp">
      <Filter>Source Files</Filter>
    </ClCompile>
    <ClCompile Include="PNG_Letters.cpp">
      <Filter>Source Files</Filter>
    </ClCompile>
    <ClCompile Include="Grid\Grid.cpp">
      <Filter>Source Files</Filter>
    </ClCompile>
    <ClCompile Include="Renderers\LineRenderer\LineRenderer.cpp">
      <Filter>Source Files</Filter>
    </ClCompile>
    <ClCompile Include="Camera2.5D\OrthoCamera.h">
      <Filter>Source Files</Filter>
    </ClCompile>
    <ClCompile Include="ResourceManager\ResourceManager.cpp">
      <Filter>Source Files</Filter>
    </ClCompile>
    <ClCompile Include="ImGuiInterface\ImGuiInterface.cpp">
      <Filter>Source Files</Filter>
    </ClCompile>
    <ClCompile Include="Renderers\FrameBuffer\Framebuffer.cpp">
      <Filter>Source Files</Filter>
    </ClCompile>
    <ClCompile Include="Renderers\PlaneRenderers\PlaneColorRenderer\PlaneColorRenderer.cpp">
      <Filter>Source Files</Filter>
    </ClCompile>
    <ClCompile Include="GECS\Core\GECSManager.cpp">
      <Filter>Source Files</Filter>
    </ClCompile>
    <ClCompile Include="Renderers\PlaneRenderers\LightRenderer\LightRenderer.cpp">
      <Filter>Source Files</Filter>
    </ClCompile>
    <ClCompile Include="..\vendors\imgui\imgui.cpp">
      <Filter>Source Files</Filter>
    </ClCompile>
    <ClCompile Include="..\vendors\imgui\imgui_demo.cpp">
      <Filter>Source Files</Filter>
    </ClCompile>
    <ClCompile Include="..\vendors\imgui\imgui_draw.cpp">
      <Filter>Source Files</Filter>
    </ClCompile>
    <ClCompile Include="..\vendors\imgui\backends\imgui_impl_opengl3.cpp">
      <Filter>Source Files</Filter>
    </ClCompile>
    <ClCompile Include="..\vendors\imgui\backends\imgui_impl_sdl2.cpp">
      <Filter>Source Files</Filter>
    </ClCompile>
    <ClCompile Include="..\vendors\imgui\imgui_tables.cpp">
      <Filter>Source Files</Filter>
    </ClCompile>
    <ClCompile Include="..\vendors\imgui\imgui_widgets.cpp">
      <Filter>Source Files</Filter>
    </ClCompile>
    <ClCompile Include="..\vendors\implot\implot.cpp">
      <Filter>Source Files</Filter>
    </ClCompile>
    <ClCompile Include="..\vendors\implot\implot_items.cpp">
      <Filter>Source Files</Filter>
    </ClCompile>
    <ClCompile Include="..\vendors\imguiComboAutoselect\imgui_combo_autoselect.cpp">
      <Filter>Source Files</Filter>
    </ClCompile>
    <ClCompile Include="..\vendors\ImGuizmo\ImGuizmo.cpp">
      <Filter>Source Files</Filter>
    </ClCompile>
    <ClCompile Include="Renderers\PlaneRenderers\PlaneRenderer.cpp">
      <Filter>Source Files</Filter>
    </ClCompile>
    <ClCompile Include="..\vendors\tinyxml2\tinyxml2.cpp">
      <Filter>Source Files</Filter>
    </ClCompile>
    <ClCompile Include="..\vendors\DotParser\DotParser.cpp">
      <Filter>Source Files</Filter>
    </ClCompile>
  </ItemGroup>
  <ItemGroup>
    <ClInclude Include="AudioEngine\AudioEngine.h">
      <Filter>Header Files</Filter>
    </ClInclude>
    <ClInclude Include="GLSLProgram.h">
      <Filter>Header Files</Filter>
    </ClInclude>
    <ClInclude Include="GLTexture.h">
      <Filter>Header Files</Filter>
    </ClInclude>
    <ClInclude Include="picoPNG.h">
      <Filter>Header Files</Filter>
    </ClInclude>
    <ClInclude Include="Vertex.h">
      <Filter>Header Files</Filter>
    </ClInclude>
    <ClInclude Include="TextureManager\TextureManager.h">
      <Filter>Header Files</Filter>
    </ClInclude>
    <ClInclude Include="Window\Window.h">
      <Filter>Header Files</Filter>
    </ClInclude>
    <ClInclude Include="InputManager\InputManager.h">
      <Filter>Header Files</Filter>
    </ClInclude>
    <ClInclude Include="GraphScreen\IScene.h">
      <Filter>Header Files</Filter>
    </ClInclude>
    <ClInclude Include="GraphScreen\AppInterface.h">
      <Filter>Header Files</Filter>
    </ClInclude>
    <ClInclude Include="GraphScreen\SceneList.h">
      <Filter>Header Files</Filter>
    </ClInclude>
    <ClInclude Include="BaseFPSLimiter\BaseFPSLimiter.h">
      <Filter>Header Files</Filter>
    </ClInclude>
    <ClInclude Include="Renderers\PlaneRenderers\PlaneModelRenderer\PlaneModelRenderer.h">
      <Filter>Header Files</Filter>
    </ClInclude>
    <ClInclude Include="Camera2.5D\PerspectiveCamera.h">
      <Filter>Header Files</Filter>
    </ClInclude>
    <ClInclude Include="GECS\Components\Empty\Util\ColliderComponent.h">
      <Filter>Header Files</Filter>
    </ClInclude>
    <ClInclude Include="GECS\Components\Empty\Basic\Rectangle_w_Color.h">
      <Filter>Header Files</Filter>
    </ClInclude>
    <ClInclude Include="GECS\Core\GECS.h">
      <Filter>Header Files</Filter>
    </ClInclude>
    <ClInclude Include="GECS\Components\Empty\Basic\TransformComponent.h">
      <Filter>Header Files</Filter>
    </ClInclude>
    <ClInclude Include="GECS\Components\Empty\Basic\SpriteComponent.h">
      <Filter>Header Files</Filter>
    </ClInclude>
    <ClInclude Include="GECS\Components\Empty\Util\RigidBodyComponent.h">
      <Filter>Header Files</Filter>
    </ClInclude>
    <ClInclude Include="GECS\Components\Empty\Util\GridComponent.h">
      <Filter>Header Files</Filter>
    </ClInclude>
    <ClInclude Include="GECS\Animators\FlashAnimatorComponent.h">
      <Filter>Header Files</Filter>
    </ClInclude>
    <ClInclude Include="GECS\Animators\FlashAnimation.h">
      <Filter>Header Files</Filter>
    </ClInclude>
    <ClInclude Include="GECS\Components\Empty\Util\ButtonComponent.h">
      <Filter>Header Files</Filter>
    </ClInclude>
    <ClInclude Include="GECS\Animators\AnimatorManager.h">
      <Filter>Header Files</Filter>
    </ClInclude>
    <ClInclude Include="GECS\Animators\AnimatorComponent.h">
      <Filter>Header Files</Filter>
    </ClInclude>
    <ClInclude Include="GECS\Animators\Animation.h">
      <Filter>Header Files</Filter>
    </ClInclude>
    <ClInclude Include="GECS\Components.h">
      <Filter>Header Files</Filter>
    </ClInclude>
    <ClInclude Include="Camera2.5D\CameraManager.h">
      <Filter>Header Files</Filter>
    </ClInclude>
    <ClInclude Include="Camera2.5D\ICamera.h">
      <Filter>Header Files</Filter>
    </ClInclude>
    <ClInclude Include="PNG_Letters.h">
      <Filter>Header Files</Filter>
    </ClInclude>
    <ClInclude Include="Grid\Grid.h">
      <Filter>Header Files</Filter>
    </ClInclude>
    <ClInclude Include="GECS\Core\GECSManager.h">
      <Filter>Header Files</Filter>
    </ClInclude>
    <ClInclude Include="Renderers\LineRenderer\LineRenderer.h">
      <Filter>Header Files</Filter>
    </ClInclude>
    <ClInclude Include="ResourceManager\ResourceManager.h">
      <Filter>Header Files</Filter>
    </ClInclude>
    <ClInclude Include="ImGuiInterface\ImGuiInterface.h">
      <Filter>Header Files</Filter>
    </ClInclude>
    <ClInclude Include="GECS\Components\Empty\Util\KeyboardControllerComponent.h">
      <Filter>Header Files</Filter>
    </ClInclude>
    <ClInclude Include="GECS\Components\Empty\Util\UILabel.h">
      <Filter>Header Files</Filter>
    </ClInclude>
    <ClInclude Include="ConsoleLogger.h">
      <Filter>Header Files</Filter>
    </ClInclude>
    <ClInclude Include="GECS\Animators\MovingAnimation.h">
      <Filter>Header Files</Filter>
    </ClInclude>
    <ClInclude Include="GECS\Animators\MovingAnimatorComponent.h">
      <Filter>Header Files</Filter>
    </ClInclude>
    <ClInclude Include="GECS\Core\GECSEntityTypes.h">
      <Filter>Header Files</Filter>
    </ClInclude>
    <ClInclude Include="DataManager\DataManager.h">
      <Filter>Header Files</Filter>
    </ClInclude>
    <ClInclude Include="AABB\AABB.h">
      <Filter>Header Files</Filter>
    </ClInclude>
    <ClInclude Include="GECS\Components\Link\Basic\Line_w_Color.h">
      <Filter>Header Files</Filter>
    </ClInclude>
    <ClInclude Include="Renderers\FrameBuffer\Framebuffer.h">
      <Filter>Header Files</Filter>
    </ClInclude>
    <ClInclude Include="GECS\Components\Empty\Basic\Triangle_w_Color.h">
      <Filter>Header Files</Filter>
    </ClInclude>
    <ClInclude Include="GECS\UtilComponents.h">
      <Filter>Header Files</Filter>
    </ClInclude>
    <ClInclude Include="GECS\Components\Node\Util\PollingComponent.h">
      <Filter>Header Files</Filter>
    </ClInclude>
    <ClInclude Include="GECS\Animators\LineAnimators\LineFlashAnimatorComponent.h">
      <Filter>Header Files</Filter>
    </ClInclude>
    <ClInclude Include="Renderers\PlaneRenderers\PlaneColorRenderer\PlaneColorRenderer.h">
      <Filter>Header Files</Filter>
    </ClInclude>
    <ClInclude Include="GECS\Components\Empty\Basic\BoxComponent.h">
      <Filter>Header Files</Filter>
    </ClInclude>
    <ClInclude Include="GECS\Core\CellEntity.h">
      <Filter>Header Files</Filter>
    </ClInclude>
    <ClInclude Include="GECS\Core\GECSEntity.h">
      <Filter>Header Files</Filter>
    </ClInclude>
    <ClInclude Include="Threader\Threader.h">
      <Filter>Header Files</Filter>
    </ClInclude>
    <ClInclude Include="GECS\Core\GECSUtil.h">
      <Filter>Header Files</Filter>
    </ClInclude>
    <ClInclude Include="GECS\Animators\RectangleAnimators\RectangleFlashAnimatorComponent.h">
      <Filter>Header Files</Filter>
    </ClInclude>
    <ClInclude Include="GECS\Components\Link\Basic\SpringComponent.h">
      <Filter>Header Files</Filter>
    </ClInclude>
    <ClInclude Include="Renderers\PlaneRenderers\LightRenderer\LightRenderer.h">
      <Filter>Header Files</Filter>
    </ClInclude>
    <ClInclude Include="GECS\Components\Empty\Basic\SphereComponent.h">
      <Filter>Header Files</Filter>
    </ClInclude>
    <ClInclude Include="Renderers\PlaneRenderers\PlaneRenderer.h">
      <Filter>Header Files</Filter>
    </ClInclude>
    <ClInclude Include="DorParser\DotParser.h">
      <Filter>Header Files</Filter>
    </ClInclude>
  </ItemGroup>
</Project>